{
  "phase_id": "mc-6-blueprint",
  "intent": "Author the Phase 6 Mission Control execution blueprint. No application code.",
  "base_ref": "HEAD",
  "allow_dirty_base": false,
  "override_blast_cap": false,
  "target_test": "npm run typecheck",
  "expected_blast_radius": 2,
  "allowed_files": [
    ".cursor/phase.lock",
    "MISSION_CONTROL_BUILD_PLAN_6.md"
  ]
}
