{
  "phase_id": "airlock-2-zod",
  "intent": "Implement the strict Zod validation schemas, Katana payload HTTP contracts, the evaluateAirlock function, and pure unit tests.",
  "base_ref": "HEAD",
  "allowed_files": [
    ".cursor/phase.lock",
    ".cursor/logs/qca-last.log",
    ".cursor/session-stamp.json",
    "src/server/factory-bom/airlock.schema.ts",
    "src/server/factory-bom/evaluate-airlock.ts",
    "tests/airlock-dossier.test.ts"
  ],
  "expected_blast_radius": 6,
  "override_blast_cap": false,
  "target_test": "npx vitest run tests/airlock-dossier.test.ts"
}
